// !$*UTF8*$!
{
	archiveVersion = 1;
	classes = {
	};
	objectVersion = 50;
	objects = {

/* Begin PBXBuildFile section */
		ABF7E45E262EA649007939F5 /* AppDelegate.swift in Sources */ = {isa = PBXBuildFile; fileRef = ABF7E45D262EA649007939F5 /* AppDelegate.swift */; };
		ABF7E460262EA649007939F5 /* SceneDelegate.swift in Sources */ = {isa = PBXBuildFile; fileRef = ABF7E45F262EA649007939F5 /* SceneDelegate.swift */; };
		ABF7E462262EA649007939F5 /* ViewController.swift in Sources */ = {isa = PBXBuildFile; fileRef = ABF7E461262EA649007939F5 /* ViewController.swift */; };
		ABF7E465262EA649007939F5 /* Main.storyboard in Resources */ = {isa = PBXBuildFile; fileRef = ABF7E463262EA649007939F5 /* Main.storyboard */; };
		ABF7E467262EA64D007939F5 /* Assets.xcassets in Resources */ = {isa = PBXBuildFile; fileRef = ABF7E466262EA64D007939F5 /* Assets.xcassets */; };
		ABF7E46A262EA64D007939F5 /* LaunchScreen.storyboard in Resources */ = {isa = PBXBuildFile; fileRef = ABF7E468262EA64D007939F5 /* LaunchScreen.storyboard */; };
		ABF7E475262EA64D007939F5 /* BellAssesmentTests.swift in Sources */ = {isa = PBXBuildFile; fileRef = ABF7E474262EA64D007939F5 /* BellAssesmentTests.swift */; };
		ABF7E480262EA64D007939F5 /* BellAssesmentUITests.swift in Sources */ = {isa = PBXBuildFile; fileRef = ABF7E47F262EA64D007939F5 /* BellAssesmentUITests.swift */; };
/* End PBXBuildFile section */

/* Begin PBXContainerItemProxy section */
		ABF7E471262EA64D007939F5 /* PBXContainerItemProxy */ = {
			isa = PBXContainerItemProxy;
			containerPortal = ABF7E452262EA649007939F5 /* Project object */;
			proxyType = 1;
			remoteGlobalIDString = ABF7E459262EA649007939F5;
			remoteInfo = BellAssesment;
		};
		ABF7E47C262EA64D007939F5 /* PBXContainerItemProxy */ = {
			isa = PBXContainerItemProxy;
			containerPortal = ABF7E452262EA649007939F5 /* Project object */;
			proxyType = 1;
			remoteGlobalIDString = ABF7E459262EA649007939F5;
			remoteInfo = BellAssesment;
		};
/* End PBXContainerItemProxy section */

/* Begin PBXFileReference section */
		ABF7E45A262EA649007939F5 /* BellAssesment.app */ = {isa = PBXFileReference; explicitFileType = wrapper.application; includeInIndex = 0; path = BellAssesment.app; sourceTree = BUILT_PRODUCTS_DIR; };
		ABF7E45D262EA649007939F5 /* AppDelegate.swift */ = {isa = PBXFileReference; lastKnownFileType = sourcecode.swift; path = AppDelegate.swift; sourceTree = "<group>"; };
		ABF7E45F262EA649007939F5 /* SceneDelegate.swift */ = {isa = PBXFileReference; lastKnownFileType = sourcecode.swift; path = SceneDelegate.swift; sourceTree = "<group>"; };
		ABF7E461262EA649007939F5 /* ViewController.swift */ = {isa = PBXFileReference; lastKnownFileType = sourcecode.swift; path = ViewController.swift; sourceTree = "<group>"; };
		ABF7E464262EA649007939F5 /* Base */ = {isa = PBXFileReference; lastKnownFileType = file.storyboard; name = Base; path = Base.lproj/Main.storyboard; sourceTree = "<group>"; };
		ABF7E466262EA64D007939F5 /* Assets.xcassets */ = {isa = PBXFileReference; lastKnownFileType = folder.assetcatalog; path = Assets.xcassets; sourceTree = "<group>"; };
		ABF7E469262EA64D007939F5 /* Base */ = {isa = PBXFileReference; lastKnownFileType = file.storyboard; name = Base; path = Base.lproj/LaunchScreen.storyboard; sourceTree = "<group>"; };
		ABF7E46B262EA64D007939F5 /* Info.plist */ = {isa = PBXFileReference; lastKnownFileType = text.plist.xml; path = Info.plist; sourceTree = "<group>"; };
		ABF7E470262EA64D007939F5 /* BellAssesmentTests.xctest */ = {isa = PBXFileReference; explicitFileType = wrapper.cfbundle; includeInIndex = 0; path = BellAssesmentTests.xctest; sourceTree = BUILT_PRODUCTS_DIR; };
		ABF7E474262EA64D007939F5 /* BellAssesmentTests.swift */ = {isa = PBXFileReference; lastKnownFileType = sourcecode.swift; path = BellAssesmentTests.swift; sourceTree = "<group>"; };
		ABF7E476262EA64D007939F5 /* Info.plist */ = {isa = PBXFileReference; lastKnownFileType = text.plist.xml; path = Info.plist; sourceTree = "<group>"; };
		ABF7E47B262EA64D007939F5 /* BellAssesmentUITests.xctest */ = {isa = PBXFileReference; explicitFileType = wrapper.cfbundle; includeInIndex = 0; path = BellAssesmentUITests.xctest; sourceTree = BUILT_PRODUCTS_DIR; };
		ABF7E47F262EA64D007939F5 /* BellAssesmentUITests.swift */ = {isa = PBXFileReference; lastKnownFileType = sourcecode.swift; path = BellAssesmentUITests.swift; sourceTree = "<group>"; };
		ABF7E481262EA64D007939F5 /* Info.plist */ = {isa = PBXFileReference; lastKnownFileType = text.plist.xml; path = Info.plist; sourceTree = "<group>"; };
/* End PBXFileReference section */

/* Begin PBXFrameworksBuildPhase section */
		ABF7E457262EA649007939F5 /* Frameworks */ = {
			isa = PBXFrameworksBuildPhase;
			buildActionMask = 2147483647;
			files = (
			);
			runOnlyForDeploymentPostprocessing = 0;
		};
		ABF7E46D262EA64D007939F5 /* Frameworks */ = {
			isa = PBXFrameworksBuildPhase;
			buildActionMask = 2147483647;
			files = (
			);
			runOnlyForDeploymentPostprocessing = 0;
		};
		ABF7E478262EA64D007939F5 /* Frameworks */ = {
			isa = PBXFrameworksBuildPhase;
			buildActionMask = 2147483647;
			files = (
			);
			runOnlyForDeploymentPostprocessing = 0;
		};
/* End PBXFrameworksBuildPhase section */

/* Begin PBXGroup section */
		ABF7E451262EA649007939F5 = {
			isa = PBXGroup;
			children = (
				ABF7E45C262EA649007939F5 /* BellAssesment */,
				ABF7E473262EA64D007939F5 /* BellAssesmentTests */,
				ABF7E47E262EA64D007939F5 /* BellAssesmentUITests */,
				ABF7E45B262EA649007939F5 /* Products */,
			);
			sourceTree = "<group>";
		};
		ABF7E45B262EA649007939F5 /* Products */ = {
			isa = PBXGroup;
			children = (
				ABF7E45A262EA649007939F5 /* BellAssesment.app */,
				ABF7E470262EA64D007939F5 /* BellAssesmentTests.xctest */,
				ABF7E47B262EA64D007939F5 /* BellAssesmentUITests.xctest */,
			);
			name = Products;
			sourceTree = "<group>";
		};
		ABF7E45C262EA649007939F5 /* BellAssesment */ = {
			isa = PBXGroup;
			children = (
				ABF7E45D262EA649007939F5 /* AppDelegate.swift */,
				ABF7E45F262EA649007939F5 /* SceneDelegate.swift */,
				ABF7E461262EA649007939F5 /* ViewController.swift */,
				ABF7E463262EA649007939F5 /* Main.storyboard */,
				ABF7E466262EA64D007939F5 /* Assets.xcassets */,
				ABF7E468262EA64D007939F5 /* LaunchScreen.storyboard */,
				ABF7E46B262EA64D007939F5 /* Info.plist */,
			);
			path = BellAssesment;
			sourceTree = "<group>";
		};
		ABF7E473262EA64D007939F5 /* BellAssesmentTests */ = {
			isa = PBXGroup;
			children = (
				ABF7E474262EA64D007939F5 /* BellAssesmentTests.swift */,
				ABF7E476262EA64D007939F5 /* Info.plist */,
			);
			path = BellAssesmentTests;
			sourceTree = "<group>";
		};
		ABF7E47E262EA64D007939F5 /* BellAssesmentUITests */ = {
			isa = PBXGroup;
			children = (
				ABF7E47F262EA64D007939F5 /* BellAssesmentUITests.swift */,
				ABF7E481262EA64D007939F5 /* Info.plist */,
			);
			path = BellAssesmentUITests;
			sourceTree = "<group>";
		};
/* End PBXGroup section */

/* Begin PBXNativeTarget section */
		ABF7E459262EA649007939F5 /* BellAssesment */ = {
			isa = PBXNativeTarget;
			buildConfigurationList = ABF7E484262EA64D007939F5 /* Build configuration list for PBXNativeTarget "BellAssesment" */;
			buildPhases = (
				ABF7E456262EA649007939F5 /* Sources */,
				ABF7E457262EA649007939F5 /* Frameworks */,
				ABF7E458262EA649007939F5 /* Resources */,
			);
			buildRules = (
			);
			dependencies = (
			);
			name = BellAssesment;
			productName = BellAssesment;
			productReference = ABF7E45A262EA649007939F5 /* BellAssesment.app */;
			productType = "com.apple.product-type.application";
		};
		ABF7E46F262EA64D007939F5 /* BellAssesmentTests */ = {
			isa = PBXNativeTarget;
			buildConfigurationList = ABF7E487262EA64D007939F5 /* Build configuration list for PBXNativeTarget "BellAssesmentTests" */;
			buildPhases = (
				ABF7E46C262EA64D007939F5 /* Sources */,
				ABF7E46D262EA64D007939F5 /* Frameworks */,
				ABF7E46E262EA64D007939F5 /* Resources */,
			);
			buildRules = (
			);
			dependencies = (
				ABF7E472262EA64D007939F5 /* PBXTargetDependency */,
			);
			name = BellAssesmentTests;
			productName = BellAssesmentTests;
			productReference = ABF7E470262EA64D007939F5 /* BellAssesmentTests.xctest */;
			productType = "com.apple.product-type.bundle.unit-test";
		};
		ABF7E47A262EA64D007939F5 /* BellAssesmentUITests */ = {
			isa = PBXNativeTarget;
			buildConfigurationList = ABF7E48A262EA64D007939F5 /* Build configuration list for PBXNativeTarget "BellAssesmentUITests" */;
			buildPhases = (
				ABF7E477262EA64D007939F5 /* Sources */,
				ABF7E478262EA64D007939F5 /* Frameworks */,
				ABF7E479262EA64D007939F5 /* Resources */,
			);
			buildRules = (
			);
			dependencies = (
				ABF7E47D262EA64D007939F5 /* PBXTargetDependency */,
			);
			name = BellAssesmentUITests;
			productName = BellAssesmentUITests;
			productReference = ABF7E47B262EA64D007939F5 /* BellAssesmentUITests.xctest */;
			productType = "com.apple.product-type.bundle.ui-testing";
		};
/* End PBXNativeTarget section */

/* Begin PBXProject section */
		ABF7E452262EA649007939F5 /* Project object */ = {
			isa = PBXProject;
			attributes = {
				LastSwiftUpdateCheck = 1230;
				LastUpgradeCheck = 1230;
				TargetAttributes = {
					ABF7E459262EA649007939F5 = {
						CreatedOnToolsVersion = 12.3;
					};
					ABF7E46F262EA64D007939F5 = {
						CreatedOnToolsVersion = 12.3;
						TestTargetID = ABF7E459262EA649007939F5;
					};
					ABF7E47A262EA64D007939F5 = {
						CreatedOnToolsVersion = 12.3;
						TestTargetID = ABF7E459262EA649007939F5;
					};
				};
			};
			buildConfigurationList = ABF7E455262EA649007939F5 /* Build configuration list for PBXProject "BellAssesment" */;
			compatibilityVersion = "Xcode 9.3";
			developmentRegion = en;
			hasScannedForEncodings = 0;
			knownRegions = (
				en,
				Base,
			);
			mainGroup = ABF7E451262EA649007939F5;
			productRefGroup = ABF7E45B262EA649007939F5 /* Products */;
			projectDirPath = "";
			projectRoot = "";
			targets = (
				ABF7E459262EA649007939F5 /* BellAssesment */,
				ABF7E46F262EA64D007939F5 /* BellAssesmentTests */,
				ABF7E47A262EA64D007939F5 /* BellAssesmentUITests */,
			);
		};
/* End PBXProject section */

/* Begin PBXResourcesBuildPhase section */
		ABF7E458262EA649007939F5 /* Resources */ = {
			isa = PBXResourcesBuildPhase;
			buildActionMask = 2147483647;
			files = (
				ABF7E46A262EA64D007939F5 /* LaunchScreen.storyboard in Resources */,
				ABF7E467262EA64D007939F5 /* Assets.xcassets in Resources */,
				ABF7E465262EA649007939F5 /* Main.storyboard in Resources */,
			);
			runOnlyForDeploymentPostprocessing = 0;
		};
		ABF7E46E262EA64D007939F5 /* Resources */ = {
			isa = PBXResourcesBuildPhase;
			buildActionMask = 2147483647;
			files = (
			);
			runOnlyForDeploymentPostprocessing = 0;
		};
		ABF7E479262EA64D007939F5 /* Resources */ = {
			isa = PBXResourcesBuildPhase;
			buildActionMask = 2147483647;
			files = (
			);
			runOnlyForDeploymentPostprocessing = 0;
		};
/* End PBXResourcesBuildPhase section */

/* Begin PBXSourcesBuildPhase section */
		ABF7E456262EA649007939F5 /* Sources */ = {
			isa = PBXSourcesBuildPhase;
			buildActionMask = 2147483647;
			files = (
				ABF7E462262EA649007939F5 /* ViewController.swift in Sources */,
				ABF7E45E262EA649007939F5 /* AppDelegate.swift in Sources */,
				ABF7E460262EA649007939F5 /* SceneDelegate.swift in Sources */,
			);
			runOnlyForDeploymentPostprocessing = 0;
		};
		ABF7E46C262EA64D007939F5 /* Sources */ = {
			isa = PBXSourcesBuildPhase;
			buildActionMask = 2147483647;
			files = (
				ABF7E475262EA64D007939F5 /* BellAssesmentTests.swift in Sources */,
			);
			runOnlyForDeploymentPostprocessing = 0;
		};
		ABF7E477262EA64D007939F5 /* Sources */ = {
			isa = PBXSourcesBuildPhase;
			buildActionMask = 2147483647;
			files = (
				ABF7E480262EA64D007939F5 /* BellAssesmentUITests.swift in Sources */,
			);
			runOnlyForDeploymentPostprocessing = 0;
		};
/* End PBXSourcesBuildPhase section */

/* Begin PBXTargetDependency section */
		ABF7E472262EA64D007939F5 /* PBXTargetDependency */ = {
			isa = PBXTargetDependency;
			target = ABF7E459262EA649007939F5 /* BellAssesment */;
			targetProxy = ABF7E471262EA64D007939F5 /* PBXContainerItemProxy */;
		};
		ABF7E47D262EA64D007939F5 /* PBXTargetDependency */ = {
			isa = PBXTargetDependency;
			target = ABF7E459262EA649007939F5 /* BellAssesment */;
			targetProxy = ABF7E47C262EA64D007939F5 /* PBXContainerItemProxy */;
		};
/* End PBXTargetDependency section */

/* Begin PBXVariantGroup section */
		ABF7E463262EA649007939F5 /* Main.storyboard */ = {
			isa = PBXVariantGroup;
			children = (
				ABF7E464262EA649007939F5 /* Base */,
			);
			name = Main.storyboard;
			sourceTree = "<group>";
		};
		ABF7E468262EA64D007939F5 /* LaunchScreen.storyboard */ = {
			isa = PBXVariantGroup;
			children = (
				ABF7E469262EA64D007939F5 /* Base */,
			);
			name = LaunchScreen.storyboard;
			sourceTree = "<group>";
		};
/* End PBXVariantGroup section */

/* Begin XCBuildConfiguration section */
		ABF7E482262EA64D007939F5 /* Debug */ = {
			isa = XCBuildConfiguration;
			buildSettings = {
				ALWAYS_SEARCH_USER_PATHS = NO;
				CLANG_ANALYZER_NONNULL = YES;
				CLANG_ANALYZER_NUMBER_OBJECT_CONVERSION = YES_AGGRESSIVE;
				CLANG_CXX_LANGUAGE_STANDARD = "gnu++14";
				CLANG_CXX_LIBRARY = "libc++";
				CLANG_ENABLE_MODULES = YES;
				CLANG_ENABLE_OBJC_ARC = YES;
				CLANG_ENABLE_OBJC_WEAK = YES;
				CLANG_WARN_BLOCK_CAPTURE_AUTORELEASING = YES;
				CLANG_WARN_BOOL_CONVERSION = YES;
				CLANG_WARN_COMMA = YES;
				CLANG_WARN_CONSTANT_CONVERSION = YES;
				CLANG_WARN_DEPRECATED_OBJC_IMPLEMENTATIONS = YES;
				CLANG_WARN_DIRECT_OBJC_ISA_USAGE = YES_ERROR;
				CLANG_WARN_DOCUMENTATION_COMMENTS = YES;
				CLANG_WARN_EMPTY_BODY = YES;
				CLANG_WARN_ENUM_CONVERSION = YES;
				CLANG_WARN_INFINITE_RECURSION = YES;
				CLANG_WARN_INT_CONVERSION = YES;
				CLANG_WARN_NON_LITERAL_NULL_CONVERSION = YES;
				CLANG_WARN_OBJC_IMPLICIT_RETAIN_SELF = YES;
				CLANG_WARN_OBJC_LITERAL_CONVERSION = YES;
				CLANG_WARN_OBJC_ROOT_CLASS = YES_ERROR;
				CLANG_WARN_QUOTED_INCLUDE_IN_FRAMEWORK_HEADER = YES;
				CLANG_WARN_RANGE_LOOP_ANALYSIS = YES;
				CLANG_WARN_STRICT_PROTOTYPES = YES;
				CLANG_WARN_SUSPICIOUS_MOVE = YES;
				CLANG_WARN_UNGUARDED_AVAILABILITY = YES_AGGRESSIVE;
				CLANG_WARN_UNREACHABLE_CODE = YES;
				CLANG_WARN__DUPLICATE_METHOD_MATCH = YES;
				COPY_PHASE_STRIP = NO;
				DEBUG_INFORMATION_FORMAT = dwarf;
				ENABLE_STRICT_OBJC_MSGSEND = YES;
				ENABLE_TESTABILITY = YES;
				GCC_C_LANGUAGE_STANDARD = gnu11;
				GCC_DYNAMIC_NO_PIC = NO;
				GCC_NO_COMMON_BLOCKS = YES;
				GCC_OPTIMIZATION_LEVEL = 0;
				GCC_PREPROCESSOR_DEFINITIONS = (
					"DEBUG=1",
					"$(inherited)",
				);
				GCC_WARN_64_TO_32_BIT_CONVERSION = YES;
				GCC_WARN_ABOUT_RETURN_TYPE = YES_ERROR;
				GCC_WARN_UNDECLARED_SELECTOR = YES;
				GCC_WARN_UNINITIALIZED_AUTOS = YES_AGGRESSIVE;
				GCC_WARN_UNUSED_FUNCTION = YES;
				GCC_WARN_UNUSED_VARIABLE = YES;
				IPHONEOS_DEPLOYMENT_TARGET = 14.3;
				MTL_ENABLE_DEBUG_INFO = INCLUDE_SOURCE;
				MTL_FAST_MATH = YES;
				ONLY_ACTIVE_ARCH = YES;
				SDKROOT = iphoneos;
				SWIFT_ACTIVE_COMPILATION_CONDITIONS = DEBUG;
				SWIFT_OPTIMIZATION_LEVEL = "-Onone";
			};
			name = Debug;
		};
		ABF7E483262EA64D007939F5 /* Release */ = {
			isa = XCBuildConfiguration;
			buildSettings = {
				ALWAYS_SEARCH_USER_PATHS = NO;
				CLANG_ANALYZER_NONNULL = YES;
				CLANG_ANALYZER_NUMBER_OBJECT_CONVERSION = YES_AGGRESSIVE;
				CLANG_CXX_LANGUAGE_STANDARD = "gnu++14";
				CLANG_CXX_LIBRARY = "libc++";
				CLANG_ENABLE_MODULES = YES;
				CLANG_ENABLE_OBJC_ARC = YES;
				CLANG_ENABLE_OBJC_WEAK = YES;
				CLANG_WARN_BLOCK_CAPTURE_AUTORELEASING = YES;
				CLANG_WARN_BOOL_CONVERSION = YES;
				CLANG_WARN_COMMA = YES;
				CLANG_WARN_CONSTANT_CONVERSION = YES;
				CLANG_WARN_DEPRECATED_OBJC_IMPLEMENTATIONS = YES;
				CLANG_WARN_DIRECT_OBJC_ISA_USAGE = YES_ERROR;
				CLANG_WARN_DOCUMENTATION_COMMENTS = YES;
				CLANG_WARN_EMPTY_BODY = YES;
				CLANG_WARN_ENUM_CONVERSION = YES;
				CLANG_WARN_INFINITE_RECURSION = YES;
				CLANG_WARN_INT_CONVERSION = YES;
				CLANG_WARN_NON_LITERAL_NULL_CONVERSION = YES;
				CLANG_WARN_OBJC_IMPLICIT_RETAIN_SELF = YES;
				CLANG_WARN_OBJC_LITERAL_CONVERSION = YES;
				CLANG_WARN_OBJC_ROOT_CLASS = YES_ERROR;
				CLANG_WARN_QUOTED_INCLUDE_IN_FRAMEWORK_HEADER = YES;
				CLANG_WARN_RANGE_LOOP_ANALYSIS = YES;
				CLANG_WARN_STRICT_PROTOTYPES = YES;
				CLANG_WARN_SUSPICIOUS_MOVE = YES;
				CLANG_WARN_UNGUARDED_AVAILABILITY = YES_AGGRESSIVE;
				CLANG_WARN_UNREACHABLE_CODE = YES;
				CLANG_WARN__DUPLICATE_METHOD_MATCH = YES;
				COPY_PHASE_STRIP = NO;
				DEBUG_INFORMATION_FORMAT = "dwarf-with-dsym";
				ENABLE_NS_ASSERTIONS = NO;
				ENABLE_STRICT_OBJC_MSGSEND = YES;
				GCC_C_LANGUAGE_STANDARD = gnu11;
				GCC_NO_COMMON_BLOCKS = YES;
				GCC_WARN_64_TO_32_BIT_CONVERSION = YES;
				GCC_WARN_ABOUT_RETURN_TYPE = YES_ERROR;
				GCC_WARN_UNDECLARED_SELECTOR = YES;
				GCC_WARN_UNINITIALIZED_AUTOS = YES_AGGRESSIVE;
				GCC_WARN_UNUSED_FUNCTION = YES;
				GCC_WARN_UNUSED_VARIABLE = YES;
				IPHONEOS_DEPLOYMENT_TARGET = 14.3;
				MTL_ENABLE_DEBUG_INFO = NO;
				MTL_FAST_MATH = YES;
				SDKROOT = iphoneos;
				SWIFT_COMPILATION_MODE = wholemodule;
				SWIFT_OPTIMIZATION_LEVEL = "-O";
				VALIDATE_PRODUCT = YES;
			};
			name = Release;
		};
		ABF7E485262EA64D007939F5 /* Debug */ = {
			isa = XCBuildConfiguration;
			buildSettings = {
				ASSETCATALOG_COMPILER_APPICON_NAME = AppIcon;
				ASSETCATALOG_COMPILER_GLOBAL_ACCENT_COLOR_NAME = AccentColor;
				CODE_SIGN_STYLE = Automatic;
				DEVELOPMENT_TEAM = 3SE5L5Z43C;
				INFOPLIST_FILE = BellAssesment/Info.plist;
				LD_RUNPATH_SEARCH_PATHS = (
					"$(inherited)",
					"@executable_path/Frameworks",
				);
				PRODUCT_BUNDLE_IDENTIFIER = Inceptsol.BellAssesment;
				PRODUCT_NAME = "$(TARGET_NAME)";
				SWIFT_VERSION = 5.0;
				TARGETED_DEVICE_FAMILY = "1,2";
			};
			name = Debug;
		};
		ABF7E486262EA64D007939F5 /* Release */ = {
			isa = XCBuildConfiguration;
			buildSettings = {
				ASSETCATALOG_COMPILER_APPICON_NAME = AppIcon;
				ASSETCATALOG_COMPILER_GLOBAL_ACCENT_COLOR_NAME = AccentColor;
				CODE_SIGN_STYLE = Automatic;
				DEVELOPMENT_TEAM = 3SE5L5Z43C;
				INFOPLIST_FILE = BellAssesment/Info.plist;
				LD_RUNPATH_SEARCH_PATHS = (
					"$(inherited)",
					"@executable_path/Frameworks",
				);
				PRODUCT_BUNDLE_IDENTIFIER = Inceptsol.BellAssesment;
				PRODUCT_NAME = "$(TARGET_NAME)";
				SWIFT_VERSION = 5.0;
				TARGETED_DEVICE_FAMILY = "1,2";
			};
			name = Release;
		};
		ABF7E488262EA64D007939F5 /* Debug */ = {
			isa = XCBuildConfiguration;
			buildSettings = {
				ALWAYS_EMBED_SWIFT_STANDARD_LIBRARIES = YES;
				BUNDLE_LOADER = "$(TEST_HOST)";
				CODE_SIGN_STYLE = Automatic;
				DEVELOPMENT_TEAM = 3SE5L5Z43C;
				INFOPLIST_FILE = BellAssesmentTests/Info.plist;
				IPHONEOS_DEPLOYMENT_TARGET = 14.3;
				LD_RUNPATH_SEARCH_PATHS = (
					"$(inherited)",
					"@executable_path/Frameworks",
					"@loader_path/Frameworks",
				);
				PRODUCT_BUNDLE_IDENTIFIER = Inceptsol.BellAssesmentTests;
				PRODUCT_NAME = "$(TARGET_NAME)";
				SWIFT_VERSION = 5.0;
				TARGETED_DEVICE_FAMILY = "1,2";
				TEST_HOST = "$(BUILT_PRODUCTS_DIR)/BellAssesment.app/BellAssesment";
			};
			name = Debug;
		};
		ABF7E489262EA64D007939F5 /* Release */ = {
			isa = XCBuildConfiguration;
			buildSettings = {
				ALWAYS_EMBED_SWIFT_STANDARD_LIBRARIES = YES;
				BUNDLE_LOADER = "$(TEST_HOST)";
				CODE_SIGN_STYLE = Automatic;
				DEVELOPMENT_TEAM = 3SE5L5Z43C;
				INFOPLIST_FILE = BellAssesmentTests/Info.plist;
				IPHONEOS_DEPLOYMENT_TARGET = 14.3;
				LD_RUNPATH_SEARCH_PATHS = (
					"$(inherited)",
					"@executable_path/Frameworks",
					"@loader_path/Frameworks",
				);
				PRODUCT_BUNDLE_IDENTIFIER = Inceptsol.BellAssesmentTests;
				PRODUCT_NAME = "$(TARGET_NAME)";
				SWIFT_VERSION = 5.0;
				TARGETED_DEVICE_FAMILY = "1,2";
				TEST_HOST = "$(BUILT_PRODUCTS_DIR)/BellAssesment.app/BellAssesment";
			};
			name = Release;
		};
		ABF7E48B262EA64D007939F5 /* Debug */ = {
			isa = XCBuildConfiguration;
			buildSettings = {
				ALWAYS_EMBED_SWIFT_STANDARD_LIBRARIES = YES;
				CODE_SIGN_STYLE = Automatic;
				DEVELOPMENT_TEAM = 3SE5L5Z43C;
				INFOPLIST_FILE = BellAssesmentUITests/Info.plist;
				LD_RUNPATH_SEARCH_PATHS = (
					"$(inherited)",
					"@executable_path/Frameworks",
					"@loader_path/Frameworks",
				);
				PRODUCT_BUNDLE_IDENTIFIER = Inceptsol.BellAssesmentUITests;
				PRODUCT_NAME = "$(TARGET_NAME)";
				SWIFT_VERSION = 5.0;
				TARGETED_DEVICE_FAMILY = "1,2";
				TEST_TARGET_NAME = BellAssesment;
			};
			name = Debug;
		};
		ABF7E48C262EA64D007939F5 /* Release */ = {
			isa = XCBuildConfiguration;
			buildSettings = {
				ALWAYS_EMBED_SWIFT_STANDARD_LIBRARIES = YES;
				CODE_SIGN_STYLE = Automatic;
				DEVELOPMENT_TEAM = 3SE5L5Z43C;
				INFOPLIST_FILE = BellAssesmentUITests/Info.plist;
				LD_RUNPATH_SEARCH_PATHS = (
					"$(inherited)",
					"@executable_path/Frameworks",
					"@loader_path/Frameworks",
				);
				PRODUCT_BUNDLE_IDENTIFIER = Inceptsol.BellAssesmentUITests;
				PRODUCT_NAME = "$(TARGET_NAME)";
				SWIFT_VERSION = 5.0;
				TARGETED_DEVICE_FAMILY = "1,2";
				TEST_TARGET_NAME = BellAssesment;
			};
			name = Release;
		};
/* End XCBuildConfiguration section */

/* Begin XCConfigurationList section */
		ABF7E455262EA649007939F5 /* Build configuration list for PBXProject "BellAssesment" */ = {
			isa = XCConfigurationList;
			buildConfigurations = (
				ABF7E482262EA64D007939F5 /* Debug */,
				ABF7E483262EA64D007939F5 /* Release */,
			);
			defaultConfigurationIsVisible = 0;
			defaultConfigurationName = Release;
		};
		ABF7E484262EA64D007939F5 /* Build configuration list for PBXNativeTarget "BellAssesment" */ = {
			isa = XCConfigurationList;
			buildConfigurations = (
				ABF7E485262EA64D007939F5 /* Debug */,
				ABF7E486262EA64D007939F5 /* Release */,
			);
			defaultConfigurationIsVisible = 0;
			defaultConfigurationName = Release;
		};
		ABF7E487262EA64D007939F5 /* Build configuration list for PBXNativeTarget "BellAssesmentTests" */ = {
			isa = XCConfigurationList;
			buildConfigurations = (
				ABF7E488262EA64D007939F5 /* Debug */,
				ABF7E489262EA64D007939F5 /* Release */,
			);
			defaultConfigurationIsVisible = 0;
			defaultConfigurationName = Release;
		};
		ABF7E48A262EA64D007939F5 /* Build configuration list for PBXNativeTarget "BellAssesmentUITests" */ = {
			isa = XCConfigurationList;
			buildConfigurations = (
				ABF7E48B262EA64D007939F5 /* Debug */,
				ABF7E48C262EA64D007939F5 /* Release */,
			);
			defaultConfigurationIsVisible = 0;
			defaultConfigurationName = Release;
		};
/* End XCConfigurationList section */
	};
	rootObject = ABF7E452262EA649007939F5 /* Project object */;
}
